// !$*UTF8*$!
{
	archiveVersion = 1;
	classes = {
	};
	objectVersion = 56;
	objects = {

/* Begin PBXBuildFile section */
		CDC40C6D290390AA002B00E6 /* Day03+Input.swift in Sources */ = {isa = PBXBuildFile; fileRef = CDC40C6C290390AA002B00E6 /* Day03+Input.swift */; };
		CDE387F1290370CA00693980 /* main.swift in Sources */ = {isa = PBXBuildFile; fileRef = CDE387F0290370CA00693980 /* main.swift */; };
		CDE387F82903718C00693980 /* Day03.swift in Sources */ = {isa = PBXBuildFile; fileRef = CDE387F72903718C00693980 /* Day03.swift */; };
		CDE387FD2903721900693980 /* InputParser.swift in Sources */ = {isa = PBXBuildFile; fileRef = CDE387FC2903721900693980 /* InputParser.swift */; };
		CDE388012903763600693980 /* Solution.swift in Sources */ = {isa = PBXBuildFile; fileRef = CDE388002903763600693980 /* Solution.swift */; };
/* End PBXBuildFile section */

/* Begin PBXCopyFilesBuildPhase section */
		CDE387EB290370CA00693980 /* CopyFiles */ = {
			isa = PBXCopyFilesBuildPhase;
			buildActionMask = 2147483647;
			dstPath = /usr/share/man/man1/;
			dstSubfolderSpec = 0;
			files = (
			);
			runOnlyForDeploymentPostprocessing = 1;
		};
/* End PBXCopyFilesBuildPhase section */

/* Begin PBXFileReference section */
		CDC40C6C290390AA002B00E6 /* Day03+Input.swift */ = {isa = PBXFileReference; lastKnownFileType = sourcecode.swift; path = "Day03+Input.swift"; sourceTree = "<group>"; };
		CDE387ED290370CA00693980 /* Advent2015 */ = {isa = PBXFileReference; explicitFileType = "compiled.mach-o.executable"; includeInIndex = 0; path = Advent2015; sourceTree = BUILT_PRODUCTS_DIR; };
		CDE387F0290370CA00693980 /* main.swift */ = {isa = PBXFileReference; lastKnownFileType = sourcecode.swift; path = main.swift; sourceTree = "<group>"; };
		CDE387F72903718C00693980 /* Day03.swift */ = {isa = PBXFileReference; lastKnownFileType = sourcecode.swift; path = Day03.swift; sourceTree = "<group>"; };
		CDE387FC2903721900693980 /* InputParser.swift */ = {isa = PBXFileReference; lastKnownFileType = sourcecode.swift; path = InputParser.swift; sourceTree = "<group>"; };
		CDE388002903763600693980 /* Solution.swift */ = {isa = PBXFileReference; lastKnownFileType = sourcecode.swift; path = Solution.swift; sourceTree = "<group>"; };
/* End PBXFileReference section */

/* Begin PBXFrameworksBuildPhase section */
		CDE387EA290370CA00693980 /* Frameworks */ = {
			isa = PBXFrameworksBuildPhase;
			buildActionMask = 2147483647;
			files = (
			);
			runOnlyForDeploymentPostprocessing = 0;
		};
/* End PBXFrameworksBuildPhase section */

/* Begin PBXGroup section */
		CDE387E4290370CA00693980 = {
			isa = PBXGroup;
			children = (
				CDE387EF290370CA00693980 /* Advent2015 */,
				CDE387EE290370CA00693980 /* Products */,
			);
			sourceTree = "<group>";
		};
		CDE387EE290370CA00693980 /* Products */ = {
			isa = PBXGroup;
			children = (
				CDE387ED290370CA00693980 /* Advent2015 */,
			);
			name = Products;
			sourceTree = "<group>";
		};
		CDE387EF290370CA00693980 /* Advent2015 */ = {
			isa = PBXGroup;
			children = (
				CDE387FF2903762900693980 /* Helpers */,
				CDE387F9290371EF00693980 /* Day03 */,
				CDE387F0290370CA00693980 /* main.swift */,
			);
			path = Advent2015;
			sourceTree = "<group>";
		};
		CDE387F9290371EF00693980 /* Day03 */ = {
			isa = PBXGroup;
			children = (
				CDE387F72903718C00693980 /* Day03.swift */,
				CDC40C6C290390AA002B00E6 /* Day03+Input.swift */,
			);
			path = Day03;
			sourceTree = "<group>";
		};
		CDE387FF2903762900693980 /* Helpers */ = {
			isa = PBXGroup;
			children = (
				CDE387FC2903721900693980 /* InputParser.swift */,
				CDE388002903763600693980 /* Solution.swift */,
			);
			path = Helpers;
			sourceTree = "<group>";
		};
/* End PBXGroup section */

/* Begin PBXNativeTarget section */
		CDE387EC290370CA00693980 /* Advent2015 */ = {
			isa = PBXNativeTarget;
			buildConfigurationList = CDE387F4290370CA00693980 /* Build configuration list for PBXNativeTarget "Advent2015" */;
			buildPhases = (
				CDE387E9290370CA00693980 /* Sources */,
				CDE387EA290370CA00693980 /* Frameworks */,
				CDE387EB290370CA00693980 /* CopyFiles */,
				CDE388022903777500693980 /* Resources */,
			);
			buildRules = (
			);
			dependencies = (
			);
			name = Advent2015;
			productName = Advent2015;
			productReference = CDE387ED290370CA00693980 /* Advent2015 */;
			productType = "com.apple.product-type.tool";
		};
/* End PBXNativeTarget section */

/* Begin PBXProject section */
		CDE387E5290370CA00693980 /* Project object */ = {
			isa = PBXProject;
			attributes = {
				BuildIndependentTargetsInParallel = 1;
				LastSwiftUpdateCheck = 1400;
				LastUpgradeCheck = 1400;
				TargetAttributes = {
					CDE387EC290370CA00693980 = {
						CreatedOnToolsVersion = 14.0.1;
					};
				};
			};
			buildConfigurationList = CDE387E8290370CA00693980 /* Build configuration list for PBXProject "Advent2015" */;
			compatibilityVersion = "Xcode 14.0";
			developmentRegion = en;
			hasScannedForEncodings = 0;
			knownRegions = (
				en,
				Base,
			);
			mainGroup = CDE387E4290370CA00693980;
			productRefGroup = CDE387EE290370CA00693980 /* Products */;
			projectDirPath = "";
			projectRoot = "";
			targets = (
				CDE387EC290370CA00693980 /* Advent2015 */,
			);
		};
/* End PBXProject section */

/* Begin PBXResourcesBuildPhase section */
		CDE388022903777500693980 /* Resources */ = {
			isa = PBXResourcesBuildPhase;
			buildActionMask = 2147483647;
			files = (
			);
			runOnlyForDeploymentPostprocessing = 0;
		};
/* End PBXResourcesBuildPhase section */

/* Begin PBXSourcesBuildPhase section */
		CDE387E9290370CA00693980 /* Sources */ = {
			isa = PBXSourcesBuildPhase;
			buildActionMask = 2147483647;
			files = (
				CDE388012903763600693980 /* Solution.swift in Sources */,
				CDE387F1290370CA00693980 /* main.swift in Sources */,
				CDC40C6D290390AA002B00E6 /* Day03+Input.swift in Sources */,
				CDE387F82903718C00693980 /* Day03.swift in Sources */,
				CDE387FD2903721900693980 /* InputParser.swift in Sources */,
			);
			runOnlyForDeploymentPostprocessing = 0;
		};
/* End PBXSourcesBuildPhase section */

/* Begin XCBuildConfiguration section */
		CDE387F2290370CA00693980 /* Debug */ = {
			isa = XCBuildConfiguration;
			buildSettings = {
				ALWAYS_SEARCH_USER_PATHS = NO;
				CLANG_ANALYZER_NONNULL = YES;
				CLANG_ANALYZER_NUMBER_OBJECT_CONVERSION = YES_AGGRESSIVE;
				CLANG_CXX_LANGUAGE_STANDARD = "gnu++20";
				CLANG_ENABLE_MODULES = YES;
				CLANG_ENABLE_OBJC_ARC = YES;
				CLANG_ENABLE_OBJC_WEAK = YES;
				CLANG_WARN_BLOCK_CAPTURE_AUTORELEASING = YES;
				CLANG_WARN_BOOL_CONVERSION = YES;
				CLANG_WARN_COMMA = YES;
				CLANG_WARN_CONSTANT_CONVERSION = YES;
				CLANG_WARN_DEPRECATED_OBJC_IMPLEMENTATIONS = YES;
				CLANG_WARN_DIRECT_OBJC_ISA_USAGE = YES_ERROR;
				CLANG_WARN_DOCUMENTATION_COMMENTS = YES;
				CLANG_WARN_EMPTY_BODY = YES;
				CLANG_WARN_ENUM_CONVERSION = YES;
				CLANG_WARN_INFINITE_RECURSION = YES;
				CLANG_WARN_INT_CONVERSION = YES;
				CLANG_WARN_NON_LITERAL_NULL_CONVERSION = YES;
				CLANG_WARN_OBJC_IMPLICIT_RETAIN_SELF = YES;
				CLANG_WARN_OBJC_LITERAL_CONVERSION = YES;
				CLANG_WARN_OBJC_ROOT_CLASS = YES_ERROR;
				CLANG_WARN_QUOTED_INCLUDE_IN_FRAMEWORK_HEADER = YES;
				CLANG_WARN_RANGE_LOOP_ANALYSIS = YES;
				CLANG_WARN_STRICT_PROTOTYPES = YES;
				CLANG_WARN_SUSPICIOUS_MOVE = YES;
				CLANG_WARN_UNGUARDED_AVAILABILITY = YES_AGGRESSIVE;
				CLANG_WARN_UNREACHABLE_CODE = YES;
				CLANG_WARN__DUPLICATE_METHOD_MATCH = YES;
				COPY_PHASE_STRIP = NO;
				DEBUG_INFORMATION_FORMAT = dwarf;
				ENABLE_STRICT_OBJC_MSGSEND = YES;
				ENABLE_TESTABILITY = YES;
				GCC_C_LANGUAGE_STANDARD = gnu11;
				GCC_DYNAMIC_NO_PIC = NO;
				GCC_NO_COMMON_BLOCKS = YES;
				GCC_OPTIMIZATION_LEVEL = 0;
				GCC_PREPROCESSOR_DEFINITIONS = (
					"DEBUG=1",
					"$(inherited)",
				);
				GCC_WARN_64_TO_32_BIT_CONVERSION = YES;
				GCC_WARN_ABOUT_RETURN_TYPE = YES_ERROR;
				GCC_WARN_UNDECLARED_SELECTOR = YES;
				GCC_WARN_UNINITIALIZED_AUTOS = YES_AGGRESSIVE;
				GCC_WARN_UNUSED_FUNCTION = YES;
				GCC_WARN_UNUSED_VARIABLE = YES;
				MACOSX_DEPLOYMENT_TARGET = 12.3;
				MTL_ENABLE_DEBUG_INFO = INCLUDE_SOURCE;
				MTL_FAST_MATH = YES;
				ONLY_ACTIVE_ARCH = YES;
				SDKROOT = macosx;
				SWIFT_ACTIVE_COMPILATION_CONDITIONS = DEBUG;
				SWIFT_OPTIMIZATION_LEVEL = "-Onone";
			};
			name = Debug;
		};
		CDE387F3290370CA00693980 /* Release */ = {
			isa = XCBuildConfiguration;
			buildSettings = {
				ALWAYS_SEARCH_USER_PATHS = NO;
				CLANG_ANALYZER_NONNULL = YES;
				CLANG_ANALYZER_NUMBER_OBJECT_CONVERSION = YES_AGGRESSIVE;
				CLANG_CXX_LANGUAGE_STANDARD = "gnu++20";
				CLANG_ENABLE_MODULES = YES;
				CLANG_ENABLE_OBJC_ARC = YES;
				CLANG_ENABLE_OBJC_WEAK = YES;
				CLANG_WARN_BLOCK_CAPTURE_AUTORELEASING = YES;
				CLANG_WARN_BOOL_CONVERSION = YES;
				CLANG_WARN_COMMA = YES;
				CLANG_WARN_CONSTANT_CONVERSION = YES;
				CLANG_WARN_DEPRECATED_OBJC_IMPLEMENTATIONS = YES;
				CLANG_WARN_DIRECT_OBJC_ISA_USAGE = YES_ERROR;
				CLANG_WARN_DOCUMENTATION_COMMENTS = YES;
				CLANG_WARN_EMPTY_BODY = YES;
				CLANG_WARN_ENUM_CONVERSION = YES;
				CLANG_WARN_INFINITE_RECURSION = YES;
				CLANG_WARN_INT_CONVERSION = YES;
				CLANG_WARN_NON_LITERAL_NULL_CONVERSION = YES;
				CLANG_WARN_OBJC_IMPLICIT_RETAIN_SELF = YES;
				CLANG_WARN_OBJC_LITERAL_CONVERSION = YES;
				CLANG_WARN_OBJC_ROOT_CLASS = YES_ERROR;
				CLANG_WARN_QUOTED_INCLUDE_IN_FRAMEWORK_HEADER = YES;
				CLANG_WARN_RANGE_LOOP_ANALYSIS = YES;
				CLANG_WARN_STRICT_PROTOTYPES = YES;
				CLANG_WARN_SUSPICIOUS_MOVE = YES;
				CLANG_WARN_UNGUARDED_AVAILABILITY = YES_AGGRESSIVE;
				CLANG_WARN_UNREACHABLE_CODE = YES;
				CLANG_WARN__DUPLICATE_METHOD_MATCH = YES;
				COPY_PHASE_STRIP = NO;
				DEBUG_INFORMATION_FORMAT = "dwarf-with-dsym";
				ENABLE_NS_ASSERTIONS = NO;
				ENABLE_STRICT_OBJC_MSGSEND = YES;
				GCC_C_LANGUAGE_STANDARD = gnu11;
				GCC_NO_COMMON_BLOCKS = YES;
				GCC_WARN_64_TO_32_BIT_CONVERSION = YES;
				GCC_WARN_ABOUT_RETURN_TYPE = YES_ERROR;
				GCC_WARN_UNDECLARED_SELECTOR = YES;
				GCC_WARN_UNINITIALIZED_AUTOS = YES_AGGRESSIVE;
				GCC_WARN_UNUSED_FUNCTION = YES;
				GCC_WARN_UNUSED_VARIABLE = YES;
				MACOSX_DEPLOYMENT_TARGET = 12.3;
				MTL_ENABLE_DEBUG_INFO = NO;
				MTL_FAST_MATH = YES;
				SDKROOT = macosx;
				SWIFT_COMPILATION_MODE = wholemodule;
				SWIFT_OPTIMIZATION_LEVEL = "-O";
			};
			name = Release;
		};
		CDE387F5290370CA00693980 /* Debug */ = {
			isa = XCBuildConfiguration;
			buildSettings = {
				CODE_SIGN_STYLE = Automatic;
				PRODUCT_NAME = "$(TARGET_NAME)";
				SWIFT_VERSION = 5.0;
			};
			name = Debug;
		};
		CDE387F6290370CA00693980 /* Release */ = {
			isa = XCBuildConfiguration;
			buildSettings = {
				CODE_SIGN_STYLE = Automatic;
				PRODUCT_NAME = "$(TARGET_NAME)";
				SWIFT_VERSION = 5.0;
			};
			name = Release;
		};
/* End XCBuildConfiguration section */

/* Begin XCConfigurationList section */
		CDE387E8290370CA00693980 /* Build configuration list for PBXProject "Advent2015" */ = {
			isa = XCConfigurationList;
			buildConfigurations = (
				CDE387F2290370CA00693980 /* Debug */,
				CDE387F3290370CA00693980 /* Release */,
			);
			defaultConfigurationIsVisible = 0;
			defaultConfigurationName = Release;
		};
		CDE387F4290370CA00693980 /* Build configuration list for PBXNativeTarget "Advent2015" */ = {
			isa = XCConfigurationList;
			buildConfigurations = (
				CDE387F5290370CA00693980 /* Debug */,
				CDE387F6290370CA00693980 /* Release */,
			);
			defaultConfigurationIsVisible = 0;
			defaultConfigurationName = Release;
		};
/* End XCConfigurationList section */
	};
	rootObject = CDE387E5290370CA00693980 /* Project object */;
}
